
Microsoft Visual Studio Solution File, Format Version 12.00
# Visual Studio Version 16
VisualStudioVersion = 16.0.28531.58
MinimumVisualStudioVersion = 10.0.40219.1
Project("{9A19103F-16F7-4668-BE54-9A1E7A4F7556}") = "Blazor.FileSaver", "src\Blazor.FileSaver\Blazor.FileSaver.csproj", "{A98F9D24-0E41-4218-96D2-C7D81AB2EF81}"
EndProject
Project("{2150E333-8FDC-42A3-9474-1A3956D46DE8}") = "Solution Items", "Solution Items", "{A7D52708-5E84-4D50-843F-E52B759590FF}"
	ProjectSection(SolutionItems) = preProject
		README.md = README.md
	EndProjectSection
EndProject
Project("{FAE04EC0-301F-11D3-BF4B-00C04F79EFBC}") = "Blazor.FileSaver.Sample", "src\Blazor.FileSaver.Sample\Blazor.FileSaver.Sample.csproj", "{DE2E2866-4BFE-471F-ADE0-EB206834B63F}"
EndProject
Global
	GlobalSection(SolutionConfigurationPlatforms) = preSolution
		Debug|Any CPU = Debug|Any CPU
		Release|Any CPU = Release|Any CPU
	EndGlobalSection
	GlobalSection(ProjectConfigurationPlatforms) = postSolution
		{A98F9D24-0E41-4218-96D2-C7D81AB2EF81}.Debug|Any CPU.ActiveCfg = Debug|Any CPU
		{A98F9D24-0E41-4218-96D2-C7D81AB2EF81}.Debug|Any CPU.Build.0 = Debug|Any CPU
		{A98F9D24-0E41-4218-96D2-C7D81AB2EF81}.Release|Any CPU.ActiveCfg = Release|Any CPU
		{A98F9D24-0E41-4218-96D2-C7D81AB2EF81}.Release|Any CPU.Build.0 = Release|Any CPU
		{DE2E2866-4BFE-471F-ADE0-EB206834B63F}.Debug|Any CPU.ActiveCfg = Debug|Any CPU
		{DE2E2866-4BFE-471F-ADE0-EB206834B63F}.Debug|Any CPU.Build.0 = Debug|Any CPU
		{DE2E2866-4BFE-471F-ADE0-EB206834B63F}.Release|Any CPU.ActiveCfg = Release|Any CPU
		{DE2E2866-4BFE-471F-ADE0-EB206834B63F}.Release|Any CPU.Build.0 = Release|Any CPU
	EndGlobalSection
	GlobalSection(SolutionProperties) = preSolution
		HideSolutionNode = FALSE
	EndGlobalSection
	GlobalSection(ExtensibilityGlobals) = postSolution
		SolutionGuid = {CA6646F7-3809-463A-81DF-7E10D190FAFB}
	EndGlobalSection
EndGlobal
